// !$*UTF8*$!
{
	archiveVersion = 1;
	classes = {
	};
	objectVersion = 55;
	objects = {

/* Begin PBXBuildFile section */
		481D7CF22754129A00284F6E /* AppDelegate.swift in Sources */ = {isa = PBXBuildFile; fileRef = 481D7CF12754129A00284F6E /* AppDelegate.swift */; };
		481D7CF42754129A00284F6E /* SceneDelegate.swift in Sources */ = {isa = PBXBuildFile; fileRef = 481D7CF32754129A00284F6E /* SceneDelegate.swift */; };
		481D7CF92754129A00284F6E /* Main.storyboard in Resources */ = {isa = PBXBuildFile; fileRef = 481D7CF72754129A00284F6E /* Main.storyboard */; };
		481D7CFB275412AD00284F6E /* Assets.xcassets in Resources */ = {isa = PBXBuildFile; fileRef = 481D7CFA275412AD00284F6E /* Assets.xcassets */; };
		481D7CFE275412AD00284F6E /* LaunchScreen.storyboard in Resources */ = {isa = PBXBuildFile; fileRef = 481D7CFC275412AD00284F6E /* LaunchScreen.storyboard */; };
		481D7D0927541CAD00284F6E /* LoginViewController.swift in Sources */ = {isa = PBXBuildFile; fileRef = 481D7D0827541CAD00284F6E /* LoginViewController.swift */; };
		481D7D0B2754C56200284F6E /* ResetPasswordViewController.swift in Sources */ = {isa = PBXBuildFile; fileRef = 481D7D0A2754C56200284F6E /* ResetPasswordViewController.swift */; };
		481D7D0D2754CBBA00284F6E /* RegisterViewController.swift in Sources */ = {isa = PBXBuildFile; fileRef = 481D7D0C2754CBB700284F6E /* RegisterViewController.swift */; };
		481D7D112754E7D600284F6E /* FirebaseAuth in Frameworks */ = {isa = PBXBuildFile; productRef = 481D7D102754E7D600284F6E /* FirebaseAuth */; };
		481D7D132754E7D600284F6E /* FirebaseFirestore in Frameworks */ = {isa = PBXBuildFile; productRef = 481D7D122754E7D600284F6E /* FirebaseFirestore */; };
		481D7D152754E7D600284F6E /* FirebaseFirestoreSwift-Beta in Frameworks */ = {isa = PBXBuildFile; productRef = 481D7D142754E7D600284F6E /* FirebaseFirestoreSwift-Beta */; };
		481D7D172754E7D600284F6E /* FirebaseStorage in Frameworks */ = {isa = PBXBuildFile; productRef = 481D7D162754E7D600284F6E /* FirebaseStorage */; };
		481D7D192754F43100284F6E /* GoogleService-Info.plist in Resources */ = {isa = PBXBuildFile; fileRef = 481D7D182754F43100284F6E /* GoogleService-Info.plist */; };
		481D7D1B2754FB6A00284F6E /* Constants.swift in Sources */ = {isa = PBXBuildFile; fileRef = 481D7D1A2754FB6A00284F6E /* Constants.swift */; };
		481D7D1D2755432700284F6E /* StartViewController.swift in Sources */ = {isa = PBXBuildFile; fileRef = 481D7D1C2755432700284F6E /* StartViewController.swift */; };
		481D7D1F27558F1500284F6E /* User.swift in Sources */ = {isa = PBXBuildFile; fileRef = 481D7D1E27558F1500284F6E /* User.swift */; };
		481D7D22275602A900284F6E /* ImageUploader.swift in Sources */ = {isa = PBXBuildFile; fileRef = 481D7D21275602A900284F6E /* ImageUploader.swift */; };
		481D7D242756031C00284F6E /* Extensions.swift in Sources */ = {isa = PBXBuildFile; fileRef = 481D7D232756031C00284F6E /* Extensions.swift */; };
		481D7D282758194000284F6E /* FriendsViewController.swift in Sources */ = {isa = PBXBuildFile; fileRef = 481D7D272758194000284F6E /* FriendsViewController.swift */; };
		481D7D2D27581C2700284F6E /* CustomProgressView.swift in Sources */ = {isa = PBXBuildFile; fileRef = 481D7D2C27581C2700284F6E /* CustomProgressView.swift */; };
/* End PBXBuildFile section */

/* Begin PBXFileReference section */
		481D7CEE2754129A00284F6E /* Traffy.app */ = {isa = PBXFileReference; explicitFileType = wrapper.application; includeInIndex = 0; path = Traffy.app; sourceTree = BUILT_PRODUCTS_DIR; };
		481D7CF12754129A00284F6E /* AppDelegate.swift */ = {isa = PBXFileReference; lastKnownFileType = sourcecode.swift; path = AppDelegate.swift; sourceTree = "<group>"; };
		481D7CF32754129A00284F6E /* SceneDelegate.swift */ = {isa = PBXFileReference; lastKnownFileType = sourcecode.swift; path = SceneDelegate.swift; sourceTree = "<group>"; };
		481D7CF82754129A00284F6E /* Base */ = {isa = PBXFileReference; lastKnownFileType = file.storyboard; name = Base; path = Base.lproj/Main.storyboard; sourceTree = "<group>"; };
		481D7CFA275412AD00284F6E /* Assets.xcassets */ = {isa = PBXFileReference; lastKnownFileType = folder.assetcatalog; name = Assets.xcassets; path = Traffy/Assets.xcassets; sourceTree = SOURCE_ROOT; };
		481D7CFD275412AD00284F6E /* Base */ = {isa = PBXFileReference; lastKnownFileType = file.storyboard; name = Base; path = Base.lproj/LaunchScreen.storyboard; sourceTree = "<group>"; };
		481D7CFF275412AD00284F6E /* Info.plist */ = {isa = PBXFileReference; lastKnownFileType = text.plist.xml; path = Info.plist; sourceTree = "<group>"; };
		481D7D0827541CAD00284F6E /* LoginViewController.swift */ = {isa = PBXFileReference; lastKnownFileType = sourcecode.swift; path = LoginViewController.swift; sourceTree = "<group>"; };
		481D7D0A2754C56200284F6E /* ResetPasswordViewController.swift */ = {isa = PBXFileReference; lastKnownFileType = sourcecode.swift; path = ResetPasswordViewController.swift; sourceTree = "<group>"; };
		481D7D0C2754CBB700284F6E /* RegisterViewController.swift */ = {isa = PBXFileReference; lastKnownFileType = sourcecode.swift; path = RegisterViewController.swift; sourceTree = "<group>"; };
		481D7D182754F43100284F6E /* GoogleService-Info.plist */ = {isa = PBXFileReference; fileEncoding = 4; lastKnownFileType = text.plist.xml; path = "GoogleService-Info.plist"; sourceTree = "<group>"; };
		481D7D1A2754FB6A00284F6E /* Constants.swift */ = {isa = PBXFileReference; lastKnownFileType = sourcecode.swift; path = Constants.swift; sourceTree = "<group>"; };
		481D7D1C2755432700284F6E /* StartViewController.swift */ = {isa = PBXFileReference; lastKnownFileType = sourcecode.swift; path = StartViewController.swift; sourceTree = "<group>"; };
		481D7D1E27558F1500284F6E /* User.swift */ = {isa = PBXFileReference; lastKnownFileType = sourcecode.swift; path = User.swift; sourceTree = "<group>"; };
		481D7D21275602A900284F6E /* ImageUploader.swift */ = {isa = PBXFileReference; lastKnownFileType = sourcecode.swift; path = ImageUploader.swift; sourceTree = "<group>"; };
		481D7D232756031C00284F6E /* Extensions.swift */ = {isa = PBXFileReference; lastKnownFileType = sourcecode.swift; path = Extensions.swift; sourceTree = "<group>"; };
		481D7D272758194000284F6E /* FriendsViewController.swift */ = {isa = PBXFileReference; lastKnownFileType = sourcecode.swift; path = FriendsViewController.swift; sourceTree = "<group>"; };
		481D7D2C27581C2700284F6E /* CustomProgressView.swift */ = {isa = PBXFileReference; lastKnownFileType = sourcecode.swift; path = CustomProgressView.swift; sourceTree = "<group>"; };
/* End PBXFileReference section */

/* Begin PBXFrameworksBuildPhase section */
		481D7CEB2754129A00284F6E /* Frameworks */ = {
			isa = PBXFrameworksBuildPhase;
			buildActionMask = 2147483647;
			files = (
				481D7D152754E7D600284F6E /* FirebaseFirestoreSwift-Beta in Frameworks */,
				481D7D172754E7D600284F6E /* FirebaseStorage in Frameworks */,
				481D7D112754E7D600284F6E /* FirebaseAuth in Frameworks */,
				481D7D132754E7D600284F6E /* FirebaseFirestore in Frameworks */,
			);
			runOnlyForDeploymentPostprocessing = 0;
		};
/* End PBXFrameworksBuildPhase section */

/* Begin PBXGroup section */
		481D7CE52754129A00284F6E = {
			isa = PBXGroup;
			children = (
				481D7CF02754129A00284F6E /* Traffy */,
				481D7CEF2754129A00284F6E /* Products */,
			);
			sourceTree = "<group>";
		};
		481D7CEF2754129A00284F6E /* Products */ = {
			isa = PBXGroup;
			children = (
				481D7CEE2754129A00284F6E /* Traffy.app */,
			);
			name = Products;
			sourceTree = "<group>";
		};
		481D7CF02754129A00284F6E /* Traffy */ = {
			isa = PBXGroup;
			children = (
				481D7D0527541B5D00284F6E /* Model */,
				481D7D0627541B6300284F6E /* View */,
				481D7D0727541B6900284F6E /* Controller */,
				481D7D202756028200284F6E /* Utils */,
				481D7CF12754129A00284F6E /* AppDelegate.swift */,
				481D7CF32754129A00284F6E /* SceneDelegate.swift */,
				481D7CFA275412AD00284F6E /* Assets.xcassets */,
				481D7D182754F43100284F6E /* GoogleService-Info.plist */,
				481D7CFF275412AD00284F6E /* Info.plist */,
			);
			path = Traffy;
			sourceTree = "<group>";
		};
		481D7D0527541B5D00284F6E /* Model */ = {
			isa = PBXGroup;
			children = (
				481D7D1E27558F1500284F6E /* User.swift */,
			);
			path = Model;
			sourceTree = "<group>";
		};
		481D7D0627541B6300284F6E /* View */ = {
			isa = PBXGroup;
			children = (
				481D7CF72754129A00284F6E /* Main.storyboard */,
				481D7CFC275412AD00284F6E /* LaunchScreen.storyboard */,
			);
			path = View;
			sourceTree = "<group>";
		};
		481D7D0727541B6900284F6E /* Controller */ = {
			isa = PBXGroup;
			children = (
				481D7D0E2754DDEB00284F6E /* Authentication */,
				481D7D262758189000284F6E /* Start */,
				481D7D252758184400284F6E /* Friends */,
				481D7D2927581B8100284F6E /* Items */,
			);
			path = Controller;
			sourceTree = "<group>";
		};
		481D7D0E2754DDEB00284F6E /* Authentication */ = {
			isa = PBXGroup;
			children = (
				481D7D0827541CAD00284F6E /* LoginViewController.swift */,
				481D7D0C2754CBB700284F6E /* RegisterViewController.swift */,
				481D7D0A2754C56200284F6E /* ResetPasswordViewController.swift */,
			);
			path = Authentication;
			sourceTree = "<group>";
		};
		481D7D202756028200284F6E /* Utils */ = {
			isa = PBXGroup;
			children = (
				481D7D1A2754FB6A00284F6E /* Constants.swift */,
				481D7D21275602A900284F6E /* ImageUploader.swift */,
				481D7D232756031C00284F6E /* Extensions.swift */,
			);
			path = Utils;
			sourceTree = "<group>";
		};
		481D7D252758184400284F6E /* Friends */ = {
			isa = PBXGroup;
			children = (
				481D7D272758194000284F6E /* FriendsViewController.swift */,
			);
			path = Friends;
			sourceTree = "<group>";
		};
		481D7D262758189000284F6E /* Start */ = {
			isa = PBXGroup;
			children = (
				481D7D1C2755432700284F6E /* StartViewController.swift */,
			);
			path = Start;
			sourceTree = "<group>";
		};
		481D7D2927581B8100284F6E /* Items */ = {
			isa = PBXGroup;
			children = (
				481D7D2C27581C2700284F6E /* CustomProgressView.swift */,
			);
			path = Items;
			sourceTree = "<group>";
		};
/* End PBXGroup section */

/* Begin PBXNativeTarget section */
		481D7CED2754129A00284F6E /* Traffy */ = {
			isa = PBXNativeTarget;
			buildConfigurationList = 481D7D02275412AD00284F6E /* Build configuration list for PBXNativeTarget "Traffy" */;
			buildPhases = (
				481D7CEA2754129A00284F6E /* Sources */,
				481D7CEB2754129A00284F6E /* Frameworks */,
				481D7CEC2754129A00284F6E /* Resources */,
			);
			buildRules = (
			);
			dependencies = (
			);
			name = Traffy;
			packageProductDependencies = (
				481D7D102754E7D600284F6E /* FirebaseAuth */,
				481D7D122754E7D600284F6E /* FirebaseFirestore */,
				481D7D142754E7D600284F6E /* FirebaseFirestoreSwift-Beta */,
				481D7D162754E7D600284F6E /* FirebaseStorage */,
			);
			productName = Traffy;
			productReference = 481D7CEE2754129A00284F6E /* Traffy.app */;
			productType = "com.apple.product-type.application";
		};
/* End PBXNativeTarget section */

/* Begin PBXProject section */
		481D7CE62754129A00284F6E /* Project object */ = {
			isa = PBXProject;
			attributes = {
				BuildIndependentTargetsInParallel = 1;
				LastSwiftUpdateCheck = 1300;
				LastUpgradeCheck = 1300;
				TargetAttributes = {
					481D7CED2754129A00284F6E = {
						CreatedOnToolsVersion = 13.0;
					};
				};
			};
			buildConfigurationList = 481D7CE92754129A00284F6E /* Build configuration list for PBXProject "Traffy" */;
			compatibilityVersion = "Xcode 13.0";
			developmentRegion = en;
			hasScannedForEncodings = 0;
			knownRegions = (
				en,
				Base,
			);
			mainGroup = 481D7CE52754129A00284F6E;
			packageReferences = (
				481D7D0F2754E7D600284F6E /* XCRemoteSwiftPackageReference "firebase-ios-sdk" */,
			);
			productRefGroup = 481D7CEF2754129A00284F6E /* Products */;
			projectDirPath = "";
			projectRoot = "";
			targets = (
				481D7CED2754129A00284F6E /* Traffy */,
			);
		};
/* End PBXProject section */

/* Begin PBXResourcesBuildPhase section */
		481D7CEC2754129A00284F6E /* Resources */ = {
			isa = PBXResourcesBuildPhase;
			buildActionMask = 2147483647;
			files = (
				481D7CFE275412AD00284F6E /* LaunchScreen.storyboard in Resources */,
				481D7D192754F43100284F6E /* GoogleService-Info.plist in Resources */,
				481D7CFB275412AD00284F6E /* Assets.xcassets in Resources */,
				481D7CF92754129A00284F6E /* Main.storyboard in Resources */,
			);
			runOnlyForDeploymentPostprocessing = 0;
		};
/* End PBXResourcesBuildPhase section */

/* Begin PBXSourcesBuildPhase section */
		481D7CEA2754129A00284F6E /* Sources */ = {
			isa = PBXSourcesBuildPhase;
			buildActionMask = 2147483647;
			files = (
				481D7D0927541CAD00284F6E /* LoginViewController.swift in Sources */,
				481D7D1D2755432700284F6E /* StartViewController.swift in Sources */,
				481D7D2D27581C2700284F6E /* CustomProgressView.swift in Sources */,
				481D7D0D2754CBBA00284F6E /* RegisterViewController.swift in Sources */,
				481D7CF22754129A00284F6E /* AppDelegate.swift in Sources */,
				481D7D1F27558F1500284F6E /* User.swift in Sources */,
				481D7D242756031C00284F6E /* Extensions.swift in Sources */,
				481D7D282758194000284F6E /* FriendsViewController.swift in Sources */,
				481D7D22275602A900284F6E /* ImageUploader.swift in Sources */,
				481D7CF42754129A00284F6E /* SceneDelegate.swift in Sources */,
				481D7D0B2754C56200284F6E /* ResetPasswordViewController.swift in Sources */,
				481D7D1B2754FB6A00284F6E /* Constants.swift in Sources */,
			);
			runOnlyForDeploymentPostprocessing = 0;
		};
/* End PBXSourcesBuildPhase section */

/* Begin PBXVariantGroup section */
		481D7CF72754129A00284F6E /* Main.storyboard */ = {
			isa = PBXVariantGroup;
			children = (
				481D7CF82754129A00284F6E /* Base */,
			);
			name = Main.storyboard;
			sourceTree = "<group>";
		};
		481D7CFC275412AD00284F6E /* LaunchScreen.storyboard */ = {
			isa = PBXVariantGroup;
			children = (
				481D7CFD275412AD00284F6E /* Base */,
			);
			name = LaunchScreen.storyboard;
			sourceTree = "<group>";
		};
/* End PBXVariantGroup section */

/* Begin XCBuildConfiguration section */
		481D7D00275412AD00284F6E /* Debug */ = {
			isa = XCBuildConfiguration;
			buildSettings = {
				ALWAYS_SEARCH_USER_PATHS = NO;
				CLANG_ANALYZER_NONNULL = YES;
				CLANG_ANALYZER_NUMBER_OBJECT_CONVERSION = YES_AGGRESSIVE;
				CLANG_CXX_LANGUAGE_STANDARD = "gnu++17";
				CLANG_CXX_LIBRARY = "libc++";
				CLANG_ENABLE_MODULES = YES;
				CLANG_ENABLE_OBJC_ARC = YES;
				CLANG_ENABLE_OBJC_WEAK = YES;
				CLANG_WARN_BLOCK_CAPTURE_AUTORELEASING = YES;
				CLANG_WARN_BOOL_CONVERSION = YES;
				CLANG_WARN_COMMA = YES;
				CLANG_WARN_CONSTANT_CONVERSION = YES;
				CLANG_WARN_DEPRECATED_OBJC_IMPLEMENTATIONS = YES;
				CLANG_WARN_DIRECT_OBJC_ISA_USAGE = YES_ERROR;
				CLANG_WARN_DOCUMENTATION_COMMENTS = YES;
				CLANG_WARN_EMPTY_BODY = YES;
				CLANG_WARN_ENUM_CONVERSION = YES;
				CLANG_WARN_INFINITE_RECURSION = YES;
				CLANG_WARN_INT_CONVERSION = YES;
				CLANG_WARN_NON_LITERAL_NULL_CONVERSION = YES;
				CLANG_WARN_OBJC_IMPLICIT_RETAIN_SELF = YES;
				CLANG_WARN_OBJC_LITERAL_CONVERSION = YES;
				CLANG_WARN_OBJC_ROOT_CLASS = YES_ERROR;
				CLANG_WARN_QUOTED_INCLUDE_IN_FRAMEWORK_HEADER = YES;
				CLANG_WARN_RANGE_LOOP_ANALYSIS = YES;
				CLANG_WARN_STRICT_PROTOTYPES = YES;
				CLANG_WARN_SUSPICIOUS_MOVE = YES;
				CLANG_WARN_UNGUARDED_AVAILABILITY = YES_AGGRESSIVE;
				CLANG_WARN_UNREACHABLE_CODE = YES;
				CLANG_WARN__DUPLICATE_METHOD_MATCH = YES;
				COPY_PHASE_STRIP = NO;
				DEBUG_INFORMATION_FORMAT = dwarf;
				ENABLE_STRICT_OBJC_MSGSEND = YES;
				ENABLE_TESTABILITY = YES;
				GCC_C_LANGUAGE_STANDARD = gnu11;
				GCC_DYNAMIC_NO_PIC = NO;
				GCC_NO_COMMON_BLOCKS = YES;
				GCC_OPTIMIZATION_LEVEL = 0;
				GCC_PREPROCESSOR_DEFINITIONS = (
					"DEBUG=1",
					"$(inherited)",
				);
				GCC_WARN_64_TO_32_BIT_CONVERSION = YES;
				GCC_WARN_ABOUT_RETURN_TYPE = YES_ERROR;
				GCC_WARN_UNDECLARED_SELECTOR = YES;
				GCC_WARN_UNINITIALIZED_AUTOS = YES_AGGRESSIVE;
				GCC_WARN_UNUSED_FUNCTION = YES;
				GCC_WARN_UNUSED_VARIABLE = YES;
				IPHONEOS_DEPLOYMENT_TARGET = 15.0;
				MTL_ENABLE_DEBUG_INFO = INCLUDE_SOURCE;
				MTL_FAST_MATH = YES;
				ONLY_ACTIVE_ARCH = YES;
				SDKROOT = iphoneos;
				SWIFT_ACTIVE_COMPILATION_CONDITIONS = DEBUG;
				SWIFT_OPTIMIZATION_LEVEL = "-Onone";
			};
			name = Debug;
		};
		481D7D01275412AD00284F6E /* Release */ = {
			isa = XCBuildConfiguration;
			buildSettings = {
				ALWAYS_SEARCH_USER_PATHS = NO;
				CLANG_ANALYZER_NONNULL = YES;
				CLANG_ANALYZER_NUMBER_OBJECT_CONVERSION = YES_AGGRESSIVE;
				CLANG_CXX_LANGUAGE_STANDARD = "gnu++17";
				CLANG_CXX_LIBRARY = "libc++";
				CLANG_ENABLE_MODULES = YES;
				CLANG_ENABLE_OBJC_ARC = YES;
				CLANG_ENABLE_OBJC_WEAK = YES;
				CLANG_WARN_BLOCK_CAPTURE_AUTORELEASING = YES;
				CLANG_WARN_BOOL_CONVERSION = YES;
				CLANG_WARN_COMMA = YES;
				CLANG_WARN_CONSTANT_CONVERSION = YES;
				CLANG_WARN_DEPRECATED_OBJC_IMPLEMENTATIONS = YES;
				CLANG_WARN_DIRECT_OBJC_ISA_USAGE = YES_ERROR;
				CLANG_WARN_DOCUMENTATION_COMMENTS = YES;
				CLANG_WARN_EMPTY_BODY = YES;
				CLANG_WARN_ENUM_CONVERSION = YES;
				CLANG_WARN_INFINITE_RECURSION = YES;
				CLANG_WARN_INT_CONVERSION = YES;
				CLANG_WARN_NON_LITERAL_NULL_CONVERSION = YES;
				CLANG_WARN_OBJC_IMPLICIT_RETAIN_SELF = YES;
				CLANG_WARN_OBJC_LITERAL_CONVERSION = YES;
				CLANG_WARN_OBJC_ROOT_CLASS = YES_ERROR;
				CLANG_WARN_QUOTED_INCLUDE_IN_FRAMEWORK_HEADER = YES;
				CLANG_WARN_RANGE_LOOP_ANALYSIS = YES;
				CLANG_WARN_STRICT_PROTOTYPES = YES;
				CLANG_WARN_SUSPICIOUS_MOVE = YES;
				CLANG_WARN_UNGUARDED_AVAILABILITY = YES_AGGRESSIVE;
				CLANG_WARN_UNREACHABLE_CODE = YES;
				CLANG_WARN__DUPLICATE_METHOD_MATCH = YES;
				COPY_PHASE_STRIP = NO;
				DEBUG_INFORMATION_FORMAT = "dwarf-with-dsym";
				ENABLE_NS_ASSERTIONS = NO;
				ENABLE_STRICT_OBJC_MSGSEND = YES;
				GCC_C_LANGUAGE_STANDARD = gnu11;
				GCC_NO_COMMON_BLOCKS = YES;
				GCC_WARN_64_TO_32_BIT_CONVERSION = YES;
				GCC_WARN_ABOUT_RETURN_TYPE = YES_ERROR;
				GCC_WARN_UNDECLARED_SELECTOR = YES;
				GCC_WARN_UNINITIALIZED_AUTOS = YES_AGGRESSIVE;
				GCC_WARN_UNUSED_FUNCTION = YES;
				GCC_WARN_UNUSED_VARIABLE = YES;
				IPHONEOS_DEPLOYMENT_TARGET = 15.0;
				MTL_ENABLE_DEBUG_INFO = NO;
				MTL_FAST_MATH = YES;
				SDKROOT = iphoneos;
				SWIFT_COMPILATION_MODE = wholemodule;
				SWIFT_OPTIMIZATION_LEVEL = "-O";
				VALIDATE_PRODUCT = YES;
			};
			name = Release;
		};
		481D7D03275412AD00284F6E /* Debug */ = {
			isa = XCBuildConfiguration;
			buildSettings = {
				ASSETCATALOG_COMPILER_APPICON_NAME = AppIcon;
				ASSETCATALOG_COMPILER_GLOBAL_ACCENT_COLOR_NAME = AccentColor;
				ASSETCATALOG_COMPILER_INCLUDE_ALL_APPICON_ASSETS = NO;
				CODE_SIGN_STYLE = Automatic;
				CURRENT_PROJECT_VERSION = 1;
				DEVELOPMENT_TEAM = YKL7R8YMPX;
				GENERATE_INFOPLIST_FILE = YES;
				INFOPLIST_FILE = Traffy/Info.plist;
				INFOPLIST_KEY_UIApplicationSupportsIndirectInputEvents = YES;
				INFOPLIST_KEY_UILaunchStoryboardName = LaunchScreen;
				INFOPLIST_KEY_UIMainStoryboardFile = Main;
				INFOPLIST_KEY_UISupportedInterfaceOrientations = UIInterfaceOrientationPortrait;
				INFOPLIST_KEY_UISupportedInterfaceOrientations_iPad = "UIInterfaceOrientationPortrait UIInterfaceOrientationPortraitUpsideDown UIInterfaceOrientationLandscapeLeft UIInterfaceOrientationLandscapeRight";
				INFOPLIST_KEY_UISupportedInterfaceOrientations_iPhone = "UIInterfaceOrientationPortrait UIInterfaceOrientationLandscapeLeft UIInterfaceOrientationLandscapeRight";
				LD_RUNPATH_SEARCH_PATHS = (
					"$(inherited)",
					"@executable_path/Frameworks",
				);
				MARKETING_VERSION = 1.0;
				PRODUCT_BUNDLE_IDENTIFIER = com.robertpelka.Traffy;
				PRODUCT_NAME = "$(TARGET_NAME)";
				SWIFT_EMIT_LOC_STRINGS = YES;
				SWIFT_VERSION = 5.0;
				TARGETED_DEVICE_FAMILY = "1,2";
			};
			name = Debug;
		};
		481D7D04275412AD00284F6E /* Release */ = {
			isa = XCBuildConfiguration;
			buildSettings = {
				ASSETCATALOG_COMPILER_APPICON_NAME = AppIcon;
				ASSETCATALOG_COMPILER_GLOBAL_ACCENT_COLOR_NAME = AccentColor;
				ASSETCATALOG_COMPILER_INCLUDE_ALL_APPICON_ASSETS = NO;
				CODE_SIGN_STYLE = Automatic;
				CURRENT_PROJECT_VERSION = 1;
				DEVELOPMENT_TEAM = YKL7R8YMPX;
				GENERATE_INFOPLIST_FILE = YES;
				INFOPLIST_FILE = Traffy/Info.plist;
				INFOPLIST_KEY_UIApplicationSupportsIndirectInputEvents = YES;
				INFOPLIST_KEY_UILaunchStoryboardName = LaunchScreen;
				INFOPLIST_KEY_UIMainStoryboardFile = Main;
				INFOPLIST_KEY_UISupportedInterfaceOrientations = UIInterfaceOrientationPortrait;
				INFOPLIST_KEY_UISupportedInterfaceOrientations_iPad = "UIInterfaceOrientationPortrait UIInterfaceOrientationPortraitUpsideDown UIInterfaceOrientationLandscapeLeft UIInterfaceOrientationLandscapeRight";
				INFOPLIST_KEY_UISupportedInterfaceOrientations_iPhone = "UIInterfaceOrientationPortrait UIInterfaceOrientationLandscapeLeft UIInterfaceOrientationLandscapeRight";
				LD_RUNPATH_SEARCH_PATHS = (
					"$(inherited)",
					"@executable_path/Frameworks",
				);
				MARKETING_VERSION = 1.0;
				PRODUCT_BUNDLE_IDENTIFIER = com.robertpelka.Traffy;
				PRODUCT_NAME = "$(TARGET_NAME)";
				SWIFT_EMIT_LOC_STRINGS = YES;
				SWIFT_VERSION = 5.0;
				TARGETED_DEVICE_FAMILY = "1,2";
			};
			name = Release;
		};
/* End XCBuildConfiguration section */

/* Begin XCConfigurationList section */
		481D7CE92754129A00284F6E /* Build configuration list for PBXProject "Traffy" */ = {
			isa = XCConfigurationList;
			buildConfigurations = (
				481D7D00275412AD00284F6E /* Debug */,
				481D7D01275412AD00284F6E /* Release */,
			);
			defaultConfigurationIsVisible = 0;
			defaultConfigurationName = Release;
		};
		481D7D02275412AD00284F6E /* Build configuration list for PBXNativeTarget "Traffy" */ = {
			isa = XCConfigurationList;
			buildConfigurations = (
				481D7D03275412AD00284F6E /* Debug */,
				481D7D04275412AD00284F6E /* Release */,
			);
			defaultConfigurationIsVisible = 0;
			defaultConfigurationName = Release;
		};
/* End XCConfigurationList section */

/* Begin XCRemoteSwiftPackageReference section */
		481D7D0F2754E7D600284F6E /* XCRemoteSwiftPackageReference "firebase-ios-sdk" */ = {
			isa = XCRemoteSwiftPackageReference;
			repositoryURL = "https://github.com/firebase/firebase-ios-sdk.git";
			requirement = {
				kind = upToNextMajorVersion;
				minimumVersion = 8.0.0;
			};
		};
/* End XCRemoteSwiftPackageReference section */

/* Begin XCSwiftPackageProductDependency section */
		481D7D102754E7D600284F6E /* FirebaseAuth */ = {
			isa = XCSwiftPackageProductDependency;
			package = 481D7D0F2754E7D600284F6E /* XCRemoteSwiftPackageReference "firebase-ios-sdk" */;
			productName = FirebaseAuth;
		};
		481D7D122754E7D600284F6E /* FirebaseFirestore */ = {
			isa = XCSwiftPackageProductDependency;
			package = 481D7D0F2754E7D600284F6E /* XCRemoteSwiftPackageReference "firebase-ios-sdk" */;
			productName = FirebaseFirestore;
		};
		481D7D142754E7D600284F6E /* FirebaseFirestoreSwift-Beta */ = {
			isa = XCSwiftPackageProductDependency;
			package = 481D7D0F2754E7D600284F6E /* XCRemoteSwiftPackageReference "firebase-ios-sdk" */;
			productName = "FirebaseFirestoreSwift-Beta";
		};
		481D7D162754E7D600284F6E /* FirebaseStorage */ = {
			isa = XCSwiftPackageProductDependency;
			package = 481D7D0F2754E7D600284F6E /* XCRemoteSwiftPackageReference "firebase-ios-sdk" */;
			productName = FirebaseStorage;
		};
/* End XCSwiftPackageProductDependency section */
	};
	rootObject = 481D7CE62754129A00284F6E /* Project object */;
}
